// !$*UTF8*$!
{
	archiveVersion = 1;
	classes = {
	};
	objectVersion = 77;
	objects = {

/* Begin PBXBuildFile section */
		6916D1622E00519200BC999B /* Apollo in Frameworks */ = {isa = PBXBuildFile; productRef = 6916D1612E00519200BC999B /* Apollo */; };
		6916D1952E00618200BC999B /* MyGraphAPI in Frameworks */ = {isa = PBXBuildFile; productRef = 6916D1942E00618200BC999B /* MyGraphAPI */; };
		6916D19A2E0084C200BC999B /* MyGraphAPI in Frameworks */ = {isa = PBXBuildFile; productRef = 6916D1992E0084C200BC999B /* MyGraphAPI */; };
/* End PBXBuildFile section */

/* Begin PBXContainerItemProxy section */
		6916D1432E00510300BC999B /* PBXContainerItemProxy */ = {
			isa = PBXContainerItemProxy;
			containerPortal = 6916D1242E00510200BC999B /* Project object */;
			proxyType = 1;
			remoteGlobalIDString = 6916D12B2E00510200BC999B;
			remoteInfo = HelloGraphQL;
		};
		6916D14D2E00510300BC999B /* PBXContainerItemProxy */ = {
			isa = PBXContainerItemProxy;
			containerPortal = 6916D1242E00510200BC999B /* Project object */;
			proxyType = 1;
			remoteGlobalIDString = 6916D12B2E00510200BC999B;
			remoteInfo = HelloGraphQL;
		};
/* End PBXContainerItemProxy section */

/* Begin PBXFileReference section */
		6916D12C2E00510200BC999B /* HelloGraphQL.app */ = {isa = PBXFileReference; explicitFileType = wrapper.application; includeInIndex = 0; path = HelloGraphQL.app; sourceTree = BUILT_PRODUCTS_DIR; };
		6916D1422E00510300BC999B /* HelloGraphQLTests.xctest */ = {isa = PBXFileReference; explicitFileType = wrapper.cfbundle; includeInIndex = 0; path = HelloGraphQLTests.xctest; sourceTree = BUILT_PRODUCTS_DIR; };
		6916D14C2E00510300BC999B /* HelloGraphQLUITests.xctest */ = {isa = PBXFileReference; explicitFileType = wrapper.cfbundle; includeInIndex = 0; path = HelloGraphQLUITests.xctest; sourceTree = BUILT_PRODUCTS_DIR; };
/* End PBXFileReference section */

/* Begin PBXFileSystemSynchronizedBuildFileExceptionSet section */
		6916D1542E00510300BC999B /* Exceptions for "HelloGraphQL" folder in "HelloGraphQL" target */ = {
			isa = PBXFileSystemSynchronizedBuildFileExceptionSet;
			membershipExceptions = (
				graphql/LaunchList.graphql,
				Info.plist,
			);
			target = 6916D12B2E00510200BC999B /* HelloGraphQL */;
		};
/* End PBXFileSystemSynchronizedBuildFileExceptionSet section */

/* Begin PBXFileSystemSynchronizedRootGroup section */
		6916D12E2E00510200BC999B /* HelloGraphQL */ = {
			isa = PBXFileSystemSynchronizedRootGroup;
			exceptions = (
				6916D1542E00510300BC999B /* Exceptions for "HelloGraphQL" folder in "HelloGraphQL" target */,
			);
			path = HelloGraphQL;
			sourceTree = "<group>";
		};
		6916D1452E00510300BC999B /* HelloGraphQLTests */ = {
			isa = PBXFileSystemSynchronizedRootGroup;
			path = HelloGraphQLTests;
			sourceTree = "<group>";
		};
		6916D14F2E00510300BC999B /* HelloGraphQLUITests */ = {
			isa = PBXFileSystemSynchronizedRootGroup;
			path = HelloGraphQLUITests;
			sourceTree = "<group>";
		};
/* End PBXFileSystemSynchronizedRootGroup section */

/* Begin PBXFrameworksBuildPhase section */
		6916D1292E00510200BC999B /* Frameworks */ = {
			isa = PBXFrameworksBuildPhase;
			buildActionMask = 2147483647;
			files = (
				6916D19A2E0084C200BC999B /* MyGraphAPI in Frameworks */,
				6916D1952E00618200BC999B /* MyGraphAPI in Frameworks */,
				6916D1622E00519200BC999B /* Apollo in Frameworks */,
			);
			runOnlyForDeploymentPostprocessing = 0;
		};
		6916D13F2E00510300BC999B /* Frameworks */ = {
			isa = PBXFrameworksBuildPhase;
			buildActionMask = 2147483647;
			files = (
			);
			runOnlyForDeploymentPostprocessing = 0;
		};
		6916D1492E00510300BC999B /* Frameworks */ = {
			isa = PBXFrameworksBuildPhase;
			buildActionMask = 2147483647;
			files = (
			);
			runOnlyForDeploymentPostprocessing = 0;
		};
/* End PBXFrameworksBuildPhase section */

/* Begin PBXGroup section */
		6916D1232E00510200BC999B = {
			isa = PBXGroup;
			children = (
				6916D12E2E00510200BC999B /* HelloGraphQL */,
				6916D1452E00510300BC999B /* HelloGraphQLTests */,
				6916D14F2E00510300BC999B /* HelloGraphQLUITests */,
				6916D12D2E00510200BC999B /* Products */,
			);
			sourceTree = "<group>";
		};
		6916D12D2E00510200BC999B /* Products */ = {
			isa = PBXGroup;
			children = (
				6916D12C2E00510200BC999B /* HelloGraphQL.app */,
				6916D1422E00510300BC999B /* HelloGraphQLTests.xctest */,
				6916D14C2E00510300BC999B /* HelloGraphQLUITests.xctest */,
			);
			name = Products;
			sourceTree = "<group>";
		};
/* End PBXGroup section */

/* Begin PBXNativeTarget section */
		6916D12B2E00510200BC999B /* HelloGraphQL */ = {
			isa = PBXNativeTarget;
			buildConfigurationList = 6916D1552E00510300BC999B /* Build configuration list for PBXNativeTarget "HelloGraphQL" */;
			buildPhases = (
				6916D1282E00510200BC999B /* Sources */,
				6916D1292E00510200BC999B /* Frameworks */,
				6916D12A2E00510200BC999B /* Resources */,
			);
			buildRules = (
			);
			dependencies = (
			);
			fileSystemSynchronizedGroups = (
				6916D12E2E00510200BC999B /* HelloGraphQL */,
			);
			name = HelloGraphQL;
			packageProductDependencies = (
				6916D1612E00519200BC999B /* Apollo */,
				6916D1942E00618200BC999B /* MyGraphAPI */,
				6916D1992E0084C200BC999B /* MyGraphAPI */,
			);
			productName = HelloGraphQL;
			productReference = 6916D12C2E00510200BC999B /* HelloGraphQL.app */;
			productType = "com.apple.product-type.application";
		};
		6916D1412E00510300BC999B /* HelloGraphQLTests */ = {
			isa = PBXNativeTarget;
			buildConfigurationList = 6916D15A2E00510300BC999B /* Build configuration list for PBXNativeTarget "HelloGraphQLTests" */;
			buildPhases = (
				6916D13E2E00510300BC999B /* Sources */,
				6916D13F2E00510300BC999B /* Frameworks */,
				6916D1402E00510300BC999B /* Resources */,
			);
			buildRules = (
			);
			dependencies = (
				6916D1442E00510300BC999B /* PBXTargetDependency */,
			);
			fileSystemSynchronizedGroups = (
				6916D1452E00510300BC999B /* HelloGraphQLTests */,
			);
			name = HelloGraphQLTests;
			packageProductDependencies = (
			);
			productName = HelloGraphQLTests;
			productReference = 6916D1422E00510300BC999B /* HelloGraphQLTests.xctest */;
			productType = "com.apple.product-type.bundle.unit-test";
		};
		6916D14B2E00510300BC999B /* HelloGraphQLUITests */ = {
			isa = PBXNativeTarget;
			buildConfigurationList = 6916D15D2E00510300BC999B /* Build configuration list for PBXNativeTarget "HelloGraphQLUITests" */;
			buildPhases = (
				6916D1482E00510300BC999B /* Sources */,
				6916D1492E00510300BC999B /* Frameworks */,
				6916D14A2E00510300BC999B /* Resources */,
			);
			buildRules = (
			);
			dependencies = (
				6916D14E2E00510300BC999B /* PBXTargetDependency */,
			);
			fileSystemSynchronizedGroups = (
				6916D14F2E00510300BC999B /* HelloGraphQLUITests */,
			);
			name = HelloGraphQLUITests;
			packageProductDependencies = (
			);
			productName = HelloGraphQLUITests;
			productReference = 6916D14C2E00510300BC999B /* HelloGraphQLUITests.xctest */;
			productType = "com.apple.product-type.bundle.ui-testing";
		};
/* End PBXNativeTarget section */

/* Begin PBXProject section */
		6916D1242E00510200BC999B /* Project object */ = {
			isa = PBXProject;
			attributes = {
				BuildIndependentTargetsInParallel = 1;
				LastSwiftUpdateCheck = 1610;
				LastUpgradeCheck = 1610;
				TargetAttributes = {
					6916D12B2E00510200BC999B = {
						CreatedOnToolsVersion = 16.1;
					};
					6916D1412E00510300BC999B = {
						CreatedOnToolsVersion = 16.1;
						TestTargetID = 6916D12B2E00510200BC999B;
					};
					6916D14B2E00510300BC999B = {
						CreatedOnToolsVersion = 16.1;
						TestTargetID = 6916D12B2E00510200BC999B;
					};
				};
			};
			buildConfigurationList = 6916D1272E00510200BC999B /* Build configuration list for PBXProject "HelloGraphQL" */;
			developmentRegion = en;
			hasScannedForEncodings = 0;
			knownRegions = (
				en,
				Base,
			);
			mainGroup = 6916D1232E00510200BC999B;
			minimizedProjectReferenceProxies = 1;
			packageReferences = (
				6916D1602E00519200BC999B /* XCRemoteSwiftPackageReference "apollo-ios" */,
				6916D1982E0084C200BC999B /* XCLocalSwiftPackageReference "MyGraphAPI" */,
			);
			preferredProjectObjectVersion = 77;
			productRefGroup = 6916D12D2E00510200BC999B /* Products */;
			projectDirPath = "";
			projectRoot = "";
			targets = (
				6916D12B2E00510200BC999B /* HelloGraphQL */,
				6916D1412E00510300BC999B /* HelloGraphQLTests */,
				6916D14B2E00510300BC999B /* HelloGraphQLUITests */,
			);
		};
/* End PBXProject section */

/* Begin PBXResourcesBuildPhase section */
		6916D12A2E00510200BC999B /* Resources */ = {
			isa = PBXResourcesBuildPhase;
			buildActionMask = 2147483647;
			files = (
			);
			runOnlyForDeploymentPostprocessing = 0;
		};
		6916D1402E00510300BC999B /* Resources */ = {
			isa = PBXResourcesBuildPhase;
			buildActionMask = 2147483647;
			files = (
			);
			runOnlyForDeploymentPostprocessing = 0;
		};
		6916D14A2E00510300BC999B /* Resources */ = {
			isa = PBXResourcesBuildPhase;
			buildActionMask = 2147483647;
			files = (
			);
			runOnlyForDeploymentPostprocessing = 0;
		};
/* End PBXResourcesBuildPhase section */

/* Begin PBXSourcesBuildPhase section */
		6916D1282E00510200BC999B /* Sources */ = {
			isa = PBXSourcesBuildPhase;
			buildActionMask = 2147483647;
			files = (
			);
			runOnlyForDeploymentPostprocessing = 0;
		};
		6916D13E2E00510300BC999B /* Sources */ = {
			isa = PBXSourcesBuildPhase;
			buildActionMask = 2147483647;
			files = (
			);
			runOnlyForDeploymentPostprocessing = 0;
		};
		6916D1482E00510300BC999B /* Sources */ = {
			isa = PBXSourcesBuildPhase;
			buildActionMask = 2147483647;
			files = (
			);
			runOnlyForDeploymentPostprocessing = 0;
		};
/* End PBXSourcesBuildPhase section */

/* Begin PBXTargetDependency section */
		6916D1442E00510300BC999B /* PBXTargetDependency */ = {
			isa = PBXTargetDependency;
			target = 6916D12B2E00510200BC999B /* HelloGraphQL */;
			targetProxy = 6916D1432E00510300BC999B /* PBXContainerItemProxy */;
		};
		6916D14E2E00510300BC999B /* PBXTargetDependency */ = {
			isa = PBXTargetDependency;
			target = 6916D12B2E00510200BC999B /* HelloGraphQL */;
			targetProxy = 6916D14D2E00510300BC999B /* PBXContainerItemProxy */;
		};
/* End PBXTargetDependency section */

/* Begin XCBuildConfiguration section */
		6916D1562E00510300BC999B /* Debug */ = {
			isa = XCBuildConfiguration;
			buildSettings = {
				ASSETCATALOG_COMPILER_APPICON_NAME = AppIcon;
				ASSETCATALOG_COMPILER_GLOBAL_ACCENT_COLOR_NAME = AccentColor;
				CODE_SIGN_STYLE = Automatic;
				CURRENT_PROJECT_VERSION = 1;
				GENERATE_INFOPLIST_FILE = YES;
				INFOPLIST_FILE = HelloGraphQL/Info.plist;
				INFOPLIST_KEY_UIApplicationSupportsIndirectInputEvents = YES;
				INFOPLIST_KEY_UILaunchStoryboardName = LaunchScreen;
				INFOPLIST_KEY_UIMainStoryboardFile = Main;
				INFOPLIST_KEY_UISupportedInterfaceOrientations_iPad = "UIInterfaceOrientationPortrait UIInterfaceOrientationPortraitUpsideDown UIInterfaceOrientationLandscapeLeft UIInterfaceOrientationLandscapeRight";
				INFOPLIST_KEY_UISupportedInterfaceOrientations_iPhone = "UIInterfaceOrientationPortrait UIInterfaceOrientationLandscapeLeft UIInterfaceOrientationLandscapeRight";
				LD_RUNPATH_SEARCH_PATHS = (
					"$(inherited)",
					"@executable_path/Frameworks",
				);
				MARKETING_VERSION = 1.0;
				PRODUCT_BUNDLE_IDENTIFIER = graphql.com.HelloGraphQL;
				PRODUCT_NAME = "$(TARGET_NAME)";
				SWIFT_EMIT_LOC_STRINGS = YES;
				SWIFT_VERSION = 5.0;
				TARGETED_DEVICE_FAMILY = "1,2";
			};
			name = Debug;
		};
		6916D1572E00510300BC999B /* Release */ = {
			isa = XCBuildConfiguration;
			buildSettings = {
				ASSETCATALOG_COMPILER_APPICON_NAME = AppIcon;
				ASSETCATALOG_COMPILER_GLOBAL_ACCENT_COLOR_NAME = AccentColor;
				CODE_SIGN_STYLE = Automatic;
				CURRENT_PROJECT_VERSION = 1;
				GENERATE_INFOPLIST_FILE = YES;
				INFOPLIST_FILE = HelloGraphQL/Info.plist;
				INFOPLIST_KEY_UIApplicationSupportsIndirectInputEvents = YES;
				INFOPLIST_KEY_UILaunchStoryboardName = LaunchScreen;
				INFOPLIST_KEY_UIMainStoryboardFile = Main;
				INFOPLIST_KEY_UISupportedInterfaceOrientations_iPad = "UIInterfaceOrientationPortrait UIInterfaceOrientationPortraitUpsideDown UIInterfaceOrientationLandscapeLeft UIInterfaceOrientationLandscapeRight";
				INFOPLIST_KEY_UISupportedInterfaceOrientations_iPhone = "UIInterfaceOrientationPortrait UIInterfaceOrientationLandscapeLeft UIInterfaceOrientationLandscapeRight";
				LD_RUNPATH_SEARCH_PATHS = (
					"$(inherited)",
					"@executable_path/Frameworks",
				);
				MARKETING_VERSION = 1.0;
				PRODUCT_BUNDLE_IDENTIFIER = graphql.com.HelloGraphQL;
				PRODUCT_NAME = "$(TARGET_NAME)";
				SWIFT_EMIT_LOC_STRINGS = YES;
				SWIFT_VERSION = 5.0;
				TARGETED_DEVICE_FAMILY = "1,2";
			};
			name = Release;
		};
		6916D1582E00510300BC999B /* Debug */ = {
			isa = XCBuildConfiguration;
			buildSettings = {
				ALWAYS_SEARCH_USER_PATHS = NO;
				ASSETCATALOG_COMPILER_GENERATE_SWIFT_ASSET_SYMBOL_EXTENSIONS = YES;
				CLANG_ANALYZER_NONNULL = YES;
				CLANG_ANALYZER_NUMBER_OBJECT_CONVERSION = YES_AGGRESSIVE;
				CLANG_CXX_LANGUAGE_STANDARD = "gnu++20";
				CLANG_ENABLE_MODULES = YES;
				CLANG_ENABLE_OBJC_ARC = YES;
				CLANG_ENABLE_OBJC_WEAK = YES;
				CLANG_WARN_BLOCK_CAPTURE_AUTORELEASING = YES;
				CLANG_WARN_BOOL_CONVERSION = YES;
				CLANG_WARN_COMMA = YES;
				CLANG_WARN_CONSTANT_CONVERSION = YES;
				CLANG_WARN_DEPRECATED_OBJC_IMPLEMENTATIONS = YES;
				CLANG_WARN_DIRECT_OBJC_ISA_USAGE = YES_ERROR;
				CLANG_WARN_DOCUMENTATION_COMMENTS = YES;
				CLANG_WARN_EMPTY_BODY = YES;
				CLANG_WARN_ENUM_CONVERSION = YES;
				CLANG_WARN_INFINITE_RECURSION = YES;
				CLANG_WARN_INT_CONVERSION = YES;
				CLANG_WARN_NON_LITERAL_NULL_CONVERSION = YES;
				CLANG_WARN_OBJC_IMPLICIT_RETAIN_SELF = YES;
				CLANG_WARN_OBJC_LITERAL_CONVERSION = YES;
				CLANG_WARN_OBJC_ROOT_CLASS = YES_ERROR;
				CLANG_WARN_QUOTED_INCLUDE_IN_FRAMEWORK_HEADER = YES;
				CLANG_WARN_RANGE_LOOP_ANALYSIS = YES;
				CLANG_WARN_STRICT_PROTOTYPES = YES;
				CLANG_WARN_SUSPICIOUS_MOVE = YES;
				CLANG_WARN_UNGUARDED_AVAILABILITY = YES_AGGRESSIVE;
				CLANG_WARN_UNREACHABLE_CODE = YES;
				CLANG_WARN__DUPLICATE_METHOD_MATCH = YES;
				COPY_PHASE_STRIP = NO;
				DEBUG_INFORMATION_FORMAT = dwarf;
				ENABLE_STRICT_OBJC_MSGSEND = YES;
				ENABLE_TESTABILITY = YES;
				ENABLE_USER_SCRIPT_SANDBOXING = YES;
				GCC_C_LANGUAGE_STANDARD = gnu17;
				GCC_DYNAMIC_NO_PIC = NO;
				GCC_NO_COMMON_BLOCKS = YES;
				GCC_OPTIMIZATION_LEVEL = 0;
				GCC_PREPROCESSOR_DEFINITIONS = (
					"DEBUG=1",
					"$(inherited)",
				);
				GCC_WARN_64_TO_32_BIT_CONVERSION = YES;
				GCC_WARN_ABOUT_RETURN_TYPE = YES_ERROR;
				GCC_WARN_UNDECLARED_SELECTOR = YES;
				GCC_WARN_UNINITIALIZED_AUTOS = YES_AGGRESSIVE;
				GCC_WARN_UNUSED_FUNCTION = YES;
				GCC_WARN_UNUSED_VARIABLE = YES;
				IPHONEOS_DEPLOYMENT_TARGET = 18.1;
				LOCALIZATION_PREFERS_STRING_CATALOGS = YES;
				MTL_ENABLE_DEBUG_INFO = INCLUDE_SOURCE;
				MTL_FAST_MATH = YES;
				ONLY_ACTIVE_ARCH = YES;
				SDKROOT = iphoneos;
				SWIFT_ACTIVE_COMPILATION_CONDITIONS = "DEBUG $(inherited)";
				SWIFT_OPTIMIZATION_LEVEL = "-Onone";
			};
			name = Debug;
		};
		6916D1592E00510300BC999B /* Release */ = {
			isa = XCBuildConfiguration;
			buildSettings = {
				ALWAYS_SEARCH_USER_PATHS = NO;
				ASSETCATALOG_COMPILER_GENERATE_SWIFT_ASSET_SYMBOL_EXTENSIONS = YES;
				CLANG_ANALYZER_NONNULL = YES;
				CLANG_ANALYZER_NUMBER_OBJECT_CONVERSION = YES_AGGRESSIVE;
				CLANG_CXX_LANGUAGE_STANDARD = "gnu++20";
				CLANG_ENABLE_MODULES = YES;
				CLANG_ENABLE_OBJC_ARC = YES;
				CLANG_ENABLE_OBJC_WEAK = YES;
				CLANG_WARN_BLOCK_CAPTURE_AUTORELEASING = YES;
				CLANG_WARN_BOOL_CONVERSION = YES;
				CLANG_WARN_COMMA = YES;
				CLANG_WARN_CONSTANT_CONVERSION = YES;
				CLANG_WARN_DEPRECATED_OBJC_IMPLEMENTATIONS = YES;
				CLANG_WARN_DIRECT_OBJC_ISA_USAGE = YES_ERROR;
				CLANG_WARN_DOCUMENTATION_COMMENTS = YES;
				CLANG_WARN_EMPTY_BODY = YES;
				CLANG_WARN_ENUM_CONVERSION = YES;
				CLANG_WARN_INFINITE_RECURSION = YES;
				CLANG_WARN_INT_CONVERSION = YES;
				CLANG_WARN_NON_LITERAL_NULL_CONVERSION = YES;
				CLANG_WARN_OBJC_IMPLICIT_RETAIN_SELF = YES;
				CLANG_WARN_OBJC_LITERAL_CONVERSION = YES;
				CLANG_WARN_OBJC_ROOT_CLASS = YES_ERROR;
				CLANG_WARN_QUOTED_INCLUDE_IN_FRAMEWORK_HEADER = YES;
				CLANG_WARN_RANGE_LOOP_ANALYSIS = YES;
				CLANG_WARN_STRICT_PROTOTYPES = YES;
				CLANG_WARN_SUSPICIOUS_MOVE = YES;
				CLANG_WARN_UNGUARDED_AVAILABILITY = YES_AGGRESSIVE;
				CLANG_WARN_UNREACHABLE_CODE = YES;
				CLANG_WARN__DUPLICATE_METHOD_MATCH = YES;
				COPY_PHASE_STRIP = NO;
				DEBUG_INFORMATION_FORMAT = "dwarf-with-dsym";
				ENABLE_NS_ASSERTIONS = NO;
				ENABLE_STRICT_OBJC_MSGSEND = YES;
				ENABLE_USER_SCRIPT_SANDBOXING = YES;
				GCC_C_LANGUAGE_STANDARD = gnu17;
				GCC_NO_COMMON_BLOCKS = YES;
				GCC_WARN_64_TO_32_BIT_CONVERSION = YES;
				GCC_WARN_ABOUT_RETURN_TYPE = YES_ERROR;
				GCC_WARN_UNDECLARED_SELECTOR = YES;
				GCC_WARN_UNINITIALIZED_AUTOS = YES_AGGRESSIVE;
				GCC_WARN_UNUSED_FUNCTION = YES;
				GCC_WARN_UNUSED_VARIABLE = YES;
				IPHONEOS_DEPLOYMENT_TARGET = 18.1;
				LOCALIZATION_PREFERS_STRING_CATALOGS = YES;
				MTL_ENABLE_DEBUG_INFO = NO;
				MTL_FAST_MATH = YES;
				SDKROOT = iphoneos;
				SWIFT_COMPILATION_MODE = wholemodule;
				VALIDATE_PRODUCT = YES;
			};
			name = Release;
		};
		6916D15B2E00510300BC999B /* Debug */ = {
			isa = XCBuildConfiguration;
			buildSettings = {
				BUNDLE_LOADER = "$(TEST_HOST)";
				CODE_SIGN_STYLE = Automatic;
				CURRENT_PROJECT_VERSION = 1;
				GENERATE_INFOPLIST_FILE = YES;
				IPHONEOS_DEPLOYMENT_TARGET = 18.1;
				MARKETING_VERSION = 1.0;
				PRODUCT_BUNDLE_IDENTIFIER = graphql.com.HelloGraphQLTests;
				PRODUCT_NAME = "$(TARGET_NAME)";
				SWIFT_EMIT_LOC_STRINGS = NO;
				SWIFT_VERSION = 5.0;
				TARGETED_DEVICE_FAMILY = "1,2";
				TEST_HOST = "$(BUILT_PRODUCTS_DIR)/HelloGraphQL.app/$(BUNDLE_EXECUTABLE_FOLDER_PATH)/HelloGraphQL";
			};
			name = Debug;
		};
		6916D15C2E00510300BC999B /* Release */ = {
			isa = XCBuildConfiguration;
			buildSettings = {
				BUNDLE_LOADER = "$(TEST_HOST)";
				CODE_SIGN_STYLE = Automatic;
				CURRENT_PROJECT_VERSION = 1;
				GENERATE_INFOPLIST_FILE = YES;
				IPHONEOS_DEPLOYMENT_TARGET = 18.1;
				MARKETING_VERSION = 1.0;
				PRODUCT_BUNDLE_IDENTIFIER = graphql.com.HelloGraphQLTests;
				PRODUCT_NAME = "$(TARGET_NAME)";
				SWIFT_EMIT_LOC_STRINGS = NO;
				SWIFT_VERSION = 5.0;
				TARGETED_DEVICE_FAMILY = "1,2";
				TEST_HOST = "$(BUILT_PRODUCTS_DIR)/HelloGraphQL.app/$(BUNDLE_EXECUTABLE_FOLDER_PATH)/HelloGraphQL";
			};
			name = Release;
		};
		6916D15E2E00510300BC999B /* Debug */ = {
			isa = XCBuildConfiguration;
			buildSettings = {
				CODE_SIGN_STYLE = Automatic;
				CURRENT_PROJECT_VERSION = 1;
				GENERATE_INFOPLIST_FILE = YES;
				MARKETING_VERSION = 1.0;
				PRODUCT_BUNDLE_IDENTIFIER = graphql.com.HelloGraphQLUITests;
				PRODUCT_NAME = "$(TARGET_NAME)";
				SWIFT_EMIT_LOC_STRINGS = NO;
				SWIFT_VERSION = 5.0;
				TARGETED_DEVICE_FAMILY = "1,2";
				TEST_TARGET_NAME = HelloGraphQL;
			};
			name = Debug;
		};
		6916D15F2E00510300BC999B /* Release */ = {
			isa = XCBuildConfiguration;
			buildSettings = {
				CODE_SIGN_STYLE = Automatic;
				CURRENT_PROJECT_VERSION = 1;
				GENERATE_INFOPLIST_FILE = YES;
				MARKETING_VERSION = 1.0;
				PRODUCT_BUNDLE_IDENTIFIER = graphql.com.HelloGraphQLUITests;
				PRODUCT_NAME = "$(TARGET_NAME)";
				SWIFT_EMIT_LOC_STRINGS = NO;
				SWIFT_VERSION = 5.0;
				TARGETED_DEVICE_FAMILY = "1,2";
				TEST_TARGET_NAME = HelloGraphQL;
			};
			name = Release;
		};
/* End XCBuildConfiguration section */

/* Begin XCConfigurationList section */
		6916D1272E00510200BC999B /* Build configuration list for PBXProject "HelloGraphQL" */ = {
			isa = XCConfigurationList;
			buildConfigurations = (
				6916D1582E00510300BC999B /* Debug */,
				6916D1592E00510300BC999B /* Release */,
			);
			defaultConfigurationIsVisible = 0;
			defaultConfigurationName = Release;
		};
		6916D1552E00510300BC999B /* Build configuration list for PBXNativeTarget "HelloGraphQL" */ = {
			isa = XCConfigurationList;
			buildConfigurations = (
				6916D1562E00510300BC999B /* Debug */,
				6916D1572E00510300BC999B /* Release */,
			);
			defaultConfigurationIsVisible = 0;
			defaultConfigurationName = Release;
		};
		6916D15A2E00510300BC999B /* Build configuration list for PBXNativeTarget "HelloGraphQLTests" */ = {
			isa = XCConfigurationList;
			buildConfigurations = (
				6916D15B2E00510300BC999B /* Debug */,
				6916D15C2E00510300BC999B /* Release */,
			);
			defaultConfigurationIsVisible = 0;
			defaultConfigurationName = Release;
		};
		6916D15D2E00510300BC999B /* Build configuration list for PBXNativeTarget "HelloGraphQLUITests" */ = {
			isa = XCConfigurationList;
			buildConfigurations = (
				6916D15E2E00510300BC999B /* Debug */,
				6916D15F2E00510300BC999B /* Release */,
			);
			defaultConfigurationIsVisible = 0;
			defaultConfigurationName = Release;
		};
/* End XCConfigurationList section */

/* Begin XCLocalSwiftPackageReference section */
		6916D1982E0084C200BC999B /* XCLocalSwiftPackageReference "MyGraphAPI" */ = {
			isa = XCLocalSwiftPackageReference;
			relativePath = MyGraphAPI;
		};
/* End XCLocalSwiftPackageReference section */

/* Begin XCRemoteSwiftPackageReference section */
		6916D1602E00519200BC999B /* XCRemoteSwiftPackageReference "apollo-ios" */ = {
			isa = XCRemoteSwiftPackageReference;
			repositoryURL = "https://github.com/apollographql/apollo-ios";
			requirement = {
				kind = upToNextMajorVersion;
				minimumVersion = 1.22.0;
			};
		};
/* End XCRemoteSwiftPackageReference section */

/* Begin XCSwiftPackageProductDependency section */
		6916D1612E00519200BC999B /* Apollo */ = {
			isa = XCSwiftPackageProductDependency;
			package = 6916D1602E00519200BC999B /* XCRemoteSwiftPackageReference "apollo-ios" */;
			productName = Apollo;
		};
		6916D1942E00618200BC999B /* MyGraphAPI */ = {
			isa = XCSwiftPackageProductDependency;
			productName = MyGraphAPI;
		};
		6916D1992E0084C200BC999B /* MyGraphAPI */ = {
			isa = XCSwiftPackageProductDependency;
			productName = MyGraphAPI;
		};
/* End XCSwiftPackageProductDependency section */
	};
	rootObject = 6916D1242E00510200BC999B /* Project object */;
}
